
Microsoft Visual Studio Solution File, Format Version 12.00
# Visual Studio Version 17
VisualStudioVersion = 17.6.33801.468
MinimumVisualStudioVersion = 10.0.40219.1
Project("{2150E333-8FDC-42A3-9474-1A3956D46DE8}") = "Services", "Services", "{BB37BA60-6B50-4D88-80B0-227FD5CF3082}"
EndProject
Project("{2150E333-8FDC-42A3-9474-1A3956D46DE8}") = "IdentityServer", "IdentityServer", "{E6C56510-B261-4980-AB09-2FF4F34270C3}"
EndProject
Project("{9A19103F-16F7-4668-BE54-9A1E7A4F7556}") = "ECommerce.IdentityServer", "ECommerce.IdentityServer\ECommerce.IdentityServer.csproj", "{9E2D34F0-B3CF-4D39-AFE8-DAD7981A1E71}"
EndProject
Project("{2150E333-8FDC-42A3-9474-1A3956D46DE8}") = "Shared", "Shared", "{49159A5D-A359-4748-A139-ECFC8602EE33}"
EndProject
Project("{9A19103F-16F7-4668-BE54-9A1E7A4F7556}") = "ECommerce.Shared", "Shared\ECommerce.Shared\ECommerce.Shared.csproj", "{ACB24698-2E55-4229-A830-1BA13F07478F}"
EndProject
Project("{9A19103F-16F7-4668-BE54-9A1E7A4F7556}") = "ECommerce.Services.Inventory", "Services\ECommerce.Services.Inventory\ECommerce.Services.Inventory.csproj", "{676E02CC-C457-4260-9720-CADCA3E1D2A7}"
EndProject
Project("{9A19103F-16F7-4668-BE54-9A1E7A4F7556}") = "ECommerce.Services.Order", "Services\ECommerce.Services.Order\ECommerce.Services.Order.csproj", "{AE787992-9569-430F-BBD7-0E9E54AE434E}"
EndProject
Project("{9A19103F-16F7-4668-BE54-9A1E7A4F7556}") = "ECommerce.Services.Basket", "Services\ECommerce.Services.Basket\ECommerce.Services.Basket.csproj", "{84D95641-E55B-458F-8916-CBBA02A03D1C}"
EndProject
Project("{2150E333-8FDC-42A3-9474-1A3956D46DE8}") = "Gateways", "Gateways", "{B921E85A-DD42-4699-8A4A-818F86BA2746}"
EndProject
Project("{FAE04EC0-301F-11D3-BF4B-00C04F79EFBC}") = "ECommerce.Gateway", "Gateways\ECommerce.Gateway\ECommerce.Gateway.csproj", "{8AEEF1E3-5086-42CB-A05B-4DC9532B9F30}"
EndProject
Global
	GlobalSection(SolutionConfigurationPlatforms) = preSolution
		Debug|Any CPU = Debug|Any CPU
		Release|Any CPU = Release|Any CPU
	EndGlobalSection
	GlobalSection(ProjectConfigurationPlatforms) = postSolution
		{9E2D34F0-B3CF-4D39-AFE8-DAD7981A1E71}.Debug|Any CPU.ActiveCfg = Debug|Any CPU
		{9E2D34F0-B3CF-4D39-AFE8-DAD7981A1E71}.Debug|Any CPU.Build.0 = Debug|Any CPU
		{9E2D34F0-B3CF-4D39-AFE8-DAD7981A1E71}.Release|Any CPU.ActiveCfg = Release|Any CPU
		{9E2D34F0-B3CF-4D39-AFE8-DAD7981A1E71}.Release|Any CPU.Build.0 = Release|Any CPU
		{ACB24698-2E55-4229-A830-1BA13F07478F}.Debug|Any CPU.ActiveCfg = Debug|Any CPU
		{ACB24698-2E55-4229-A830-1BA13F07478F}.Debug|Any CPU.Build.0 = Debug|Any CPU
		{ACB24698-2E55-4229-A830-1BA13F07478F}.Release|Any CPU.ActiveCfg = Release|Any CPU
		{ACB24698-2E55-4229-A830-1BA13F07478F}.Release|Any CPU.Build.0 = Release|Any CPU
		{676E02CC-C457-4260-9720-CADCA3E1D2A7}.Debug|Any CPU.ActiveCfg = Debug|Any CPU
		{676E02CC-C457-4260-9720-CADCA3E1D2A7}.Debug|Any CPU.Build.0 = Debug|Any CPU
		{676E02CC-C457-4260-9720-CADCA3E1D2A7}.Release|Any CPU.ActiveCfg = Release|Any CPU
		{676E02CC-C457-4260-9720-CADCA3E1D2A7}.Release|Any CPU.Build.0 = Release|Any CPU
		{AE787992-9569-430F-BBD7-0E9E54AE434E}.Debug|Any CPU.ActiveCfg = Debug|Any CPU
		{AE787992-9569-430F-BBD7-0E9E54AE434E}.Debug|Any CPU.Build.0 = Debug|Any CPU
		{AE787992-9569-430F-BBD7-0E9E54AE434E}.Release|Any CPU.ActiveCfg = Release|Any CPU
		{AE787992-9569-430F-BBD7-0E9E54AE434E}.Release|Any CPU.Build.0 = Release|Any CPU
		{84D95641-E55B-458F-8916-CBBA02A03D1C}.Debug|Any CPU.ActiveCfg = Debug|Any CPU
		{84D95641-E55B-458F-8916-CBBA02A03D1C}.Debug|Any CPU.Build.0 = Debug|Any CPU
		{84D95641-E55B-458F-8916-CBBA02A03D1C}.Release|Any CPU.ActiveCfg = Release|Any CPU
		{84D95641-E55B-458F-8916-CBBA02A03D1C}.Release|Any CPU.Build.0 = Release|Any CPU
		{8AEEF1E3-5086-42CB-A05B-4DC9532B9F30}.Debug|Any CPU.ActiveCfg = Debug|Any CPU
		{8AEEF1E3-5086-42CB-A05B-4DC9532B9F30}.Debug|Any CPU.Build.0 = Debug|Any CPU
		{8AEEF1E3-5086-42CB-A05B-4DC9532B9F30}.Release|Any CPU.ActiveCfg = Release|Any CPU
		{8AEEF1E3-5086-42CB-A05B-4DC9532B9F30}.Release|Any CPU.Build.0 = Release|Any CPU
	EndGlobalSection
	GlobalSection(SolutionProperties) = preSolution
		HideSolutionNode = FALSE
	EndGlobalSection
	GlobalSection(NestedProjects) = preSolution
		{9E2D34F0-B3CF-4D39-AFE8-DAD7981A1E71} = {E6C56510-B261-4980-AB09-2FF4F34270C3}
		{ACB24698-2E55-4229-A830-1BA13F07478F} = {49159A5D-A359-4748-A139-ECFC8602EE33}
		{676E02CC-C457-4260-9720-CADCA3E1D2A7} = {BB37BA60-6B50-4D88-80B0-227FD5CF3082}
		{AE787992-9569-430F-BBD7-0E9E54AE434E} = {BB37BA60-6B50-4D88-80B0-227FD5CF3082}
		{84D95641-E55B-458F-8916-CBBA02A03D1C} = {BB37BA60-6B50-4D88-80B0-227FD5CF3082}
		{8AEEF1E3-5086-42CB-A05B-4DC9532B9F30} = {B921E85A-DD42-4699-8A4A-818F86BA2746}
	EndGlobalSection
	GlobalSection(ExtensibilityGlobals) = postSolution
		SolutionGuid = {6B455444-0028-4EC2-816F-D7BB0B8C8BDF}
	EndGlobalSection
EndGlobal
